
Microsoft Visual Studio Solution File, Format Version 12.00
# Visual Studio Version 17
VisualStudioVersion = 17.7.34024.191
MinimumVisualStudioVersion = 10.0.40219.1
Project("{FAE04EC0-301F-11D3-BF4B-00C04F79EFBC}") = "NZWalks.API", "NZWalks.API\NZWalks.API.csproj", "{FECF78AF-7CA2-4441-B1A2-FC44535C44D8}"
EndProject
Global
	GlobalSection(SolutionConfigurationPlatforms) = preSolution
		Debug|Any CPU = Debug|Any CPU
		Release|Any CPU = Release|Any CPU
	EndGlobalSection
	GlobalSection(ProjectConfigurationPlatforms) = postSolution
		{FECF78AF-7CA2-4441-B1A2-FC44535C44D8}.Debug|Any CPU.ActiveCfg = Debug|Any CPU
		{FECF78AF-7CA2-4441-B1A2-FC44535C44D8}.Debug|Any CPU.Build.0 = Debug|Any CPU
		{FECF78AF-7CA2-4441-B1A2-FC44535C44D8}.Release|Any CPU.ActiveCfg = Release|Any CPU
		{FECF78AF-7CA2-4441-B1A2-FC44535C44D8}.Release|Any CPU.Build.0 = Release|Any CPU
	EndGlobalSection
	GlobalSection(SolutionProperties) = preSolution
		HideSolutionNode = FALSE
	EndGlobalSection
	GlobalSection(ExtensibilityGlobals) = postSolution
		SolutionGuid = {29255615-127B-4448-BED4-C8A68FFF86A5}
	EndGlobalSection
EndGlobal
